// !$*UTF8*$!
{
	archiveVersion = 1;
	classes = {
	};
	objectVersion = 56;
	objects = {

/* Begin PBXBuildFile section */
		375597B42AF5E602007A3A6B /* MainApp.swift in Sources */ = {isa = PBXBuildFile; fileRef = 375597B32AF5E602007A3A6B /* MainApp.swift */; };
		375597B62AF5E602007A3A6B /* ContentView.swift in Sources */ = {isa = PBXBuildFile; fileRef = 375597B52AF5E602007A3A6B /* ContentView.swift */; };
		375597B82AF5E603007A3A6B /* Assets.xcassets in Resources */ = {isa = PBXBuildFile; fileRef = 375597B72AF5E603007A3A6B /* Assets.xcassets */; };
		375597C52AF5E603007A3A6B /* AppTests.swift in Sources */ = {isa = PBXBuildFile; fileRef = 375597C42AF5E603007A3A6B /* AppTests.swift */; };
		375597CF2AF5E603007A3A6B /* MainUITests.swift in Sources */ = {isa = PBXBuildFile; fileRef = 375597CE2AF5E603007A3A6B /* MainUITests.swift */; };
		375597D12AF5E603007A3A6B /* MainUITestsLaunchTests.swift in Sources */ = {isa = PBXBuildFile; fileRef = 375597D02AF5E603007A3A6B /* MainUITestsLaunchTests.swift */; };
		375597E32AF5F06D007A3A6B /* User.swift in Sources */ = {isa = PBXBuildFile; fileRef = 375597E22AF5F06D007A3A6B /* User.swift */; };
		375597E52AF5F252007A3A6B /* Task.swift in Sources */ = {isa = PBXBuildFile; fileRef = 375597E42AF5F252007A3A6B /* Task.swift */; };
		375597E72AF5F29B007A3A6B /* Quiz.swift in Sources */ = {isa = PBXBuildFile; fileRef = 375597E62AF5F29B007A3A6B /* Quiz.swift */; };
		375597E92AF5F2A6007A3A6B /* Question.swift in Sources */ = {isa = PBXBuildFile; fileRef = 375597E82AF5F2A6007A3A6B /* Question.swift */; };
		375597EC2AF5F363007A3A6B /* ModuleClass.swift in Sources */ = {isa = PBXBuildFile; fileRef = 375597EB2AF5F363007A3A6B /* ModuleClass.swift */; };
		375597EE2AF5F5C9007A3A6B /* Schedule.swift in Sources */ = {isa = PBXBuildFile; fileRef = 375597ED2AF5F5C9007A3A6B /* Schedule.swift */; };
		375597F02AF5F6AF007A3A6B /* UserViewModel.swift in Sources */ = {isa = PBXBuildFile; fileRef = 375597EF2AF5F6AF007A3A6B /* UserViewModel.swift */; };
/* End PBXBuildFile section */

/* Begin PBXContainerItemProxy section */
		375597C12AF5E603007A3A6B /* PBXContainerItemProxy */ = {
			isa = PBXContainerItemProxy;
			containerPortal = 375597A82AF5E602007A3A6B /* Project object */;
			proxyType = 1;
			remoteGlobalIDString = 375597AF2AF5E602007A3A6B;
			remoteInfo = H4GGD2023;
		};
		375597CB2AF5E603007A3A6B /* PBXContainerItemProxy */ = {
			isa = PBXContainerItemProxy;
			containerPortal = 375597A82AF5E602007A3A6B /* Project object */;
			proxyType = 1;
			remoteGlobalIDString = 375597AF2AF5E602007A3A6B;
			remoteInfo = H4GGD2023;
		};
/* End PBXContainerItemProxy section */

/* Begin PBXFileReference section */
		375597B02AF5E602007A3A6B /* H4GGD2023.app */ = {isa = PBXFileReference; explicitFileType = wrapper.application; includeInIndex = 0; path = H4GGD2023.app; sourceTree = BUILT_PRODUCTS_DIR; };
		375597B32AF5E602007A3A6B /* MainApp.swift */ = {isa = PBXFileReference; lastKnownFileType = sourcecode.swift; path = MainApp.swift; sourceTree = "<group>"; };
		375597B52AF5E602007A3A6B /* ContentView.swift */ = {isa = PBXFileReference; lastKnownFileType = sourcecode.swift; path = ContentView.swift; sourceTree = "<group>"; };
		375597B72AF5E603007A3A6B /* Assets.xcassets */ = {isa = PBXFileReference; lastKnownFileType = folder.assetcatalog; path = Assets.xcassets; sourceTree = "<group>"; };
		375597C02AF5E603007A3A6B /* H4GGD2023Tests.xctest */ = {isa = PBXFileReference; explicitFileType = wrapper.cfbundle; includeInIndex = 0; path = H4GGD2023Tests.xctest; sourceTree = BUILT_PRODUCTS_DIR; };
		375597C42AF5E603007A3A6B /* AppTests.swift */ = {isa = PBXFileReference; lastKnownFileType = sourcecode.swift; path = AppTests.swift; sourceTree = "<group>"; };
		375597CA2AF5E603007A3A6B /* H4GGD2023UITests.xctest */ = {isa = PBXFileReference; explicitFileType = wrapper.cfbundle; includeInIndex = 0; path = H4GGD2023UITests.xctest; sourceTree = BUILT_PRODUCTS_DIR; };
		375597CE2AF5E603007A3A6B /* MainUITests.swift */ = {isa = PBXFileReference; lastKnownFileType = sourcecode.swift; path = MainUITests.swift; sourceTree = "<group>"; };
		375597D02AF5E603007A3A6B /* MainUITestsLaunchTests.swift */ = {isa = PBXFileReference; lastKnownFileType = sourcecode.swift; path = MainUITestsLaunchTests.swift; sourceTree = "<group>"; };
		375597E22AF5F06D007A3A6B /* User.swift */ = {isa = PBXFileReference; lastKnownFileType = sourcecode.swift; path = User.swift; sourceTree = "<group>"; };
		375597E42AF5F252007A3A6B /* Task.swift */ = {isa = PBXFileReference; lastKnownFileType = sourcecode.swift; path = Task.swift; sourceTree = "<group>"; };
		375597E62AF5F29B007A3A6B /* Quiz.swift */ = {isa = PBXFileReference; lastKnownFileType = sourcecode.swift; path = Quiz.swift; sourceTree = "<group>"; };
		375597E82AF5F2A6007A3A6B /* Question.swift */ = {isa = PBXFileReference; lastKnownFileType = sourcecode.swift; path = Question.swift; sourceTree = "<group>"; };
		375597EB2AF5F363007A3A6B /* ModuleClass.swift */ = {isa = PBXFileReference; lastKnownFileType = sourcecode.swift; path = ModuleClass.swift; sourceTree = "<group>"; };
		375597ED2AF5F5C9007A3A6B /* Schedule.swift */ = {isa = PBXFileReference; lastKnownFileType = sourcecode.swift; path = Schedule.swift; sourceTree = "<group>"; };
		375597EF2AF5F6AF007A3A6B /* UserViewModel.swift */ = {isa = PBXFileReference; lastKnownFileType = sourcecode.swift; path = UserViewModel.swift; sourceTree = "<group>"; };
/* End PBXFileReference section */

/* Begin PBXFrameworksBuildPhase section */
		375597AD2AF5E602007A3A6B /* Frameworks */ = {
			isa = PBXFrameworksBuildPhase;
			buildActionMask = 2147483647;
			files = (
			);
			runOnlyForDeploymentPostprocessing = 0;
		};
		375597BD2AF5E603007A3A6B /* Frameworks */ = {
			isa = PBXFrameworksBuildPhase;
			buildActionMask = 2147483647;
			files = (
			);
			runOnlyForDeploymentPostprocessing = 0;
		};
		375597C72AF5E603007A3A6B /* Frameworks */ = {
			isa = PBXFrameworksBuildPhase;
			buildActionMask = 2147483647;
			files = (
			);
			runOnlyForDeploymentPostprocessing = 0;
		};
/* End PBXFrameworksBuildPhase section */

/* Begin PBXGroup section */
		375597A72AF5E602007A3A6B = {
			isa = PBXGroup;
			children = (
				375597B22AF5E602007A3A6B /* H4GGD2023 */,
				375597C32AF5E603007A3A6B /* Tests */,
				375597CD2AF5E603007A3A6B /* UITests */,
				375597B12AF5E602007A3A6B /* Products */,
			);
			sourceTree = "<group>";
		};
		375597B12AF5E602007A3A6B /* Products */ = {
			isa = PBXGroup;
			children = (
				375597B02AF5E602007A3A6B /* H4GGD2023.app */,
				375597C02AF5E603007A3A6B /* H4GGD2023Tests.xctest */,
				375597CA2AF5E603007A3A6B /* H4GGD2023UITests.xctest */,
			);
			name = Products;
			sourceTree = "<group>";
		};
		375597B22AF5E602007A3A6B /* H4GGD2023 */ = {
			isa = PBXGroup;
			children = (
				375597F12AF5F6B5007A3A6B /* ViewModel */,
				375597E12AF5EFB2007A3A6B /* Views */,
				375597E02AF5EFA9007A3A6B /* Models */,
				375597B32AF5E602007A3A6B /* MainApp.swift */,
				375597B52AF5E602007A3A6B /* ContentView.swift */,
				375597B72AF5E603007A3A6B /* Assets.xcassets */,
			);
			path = H4GGD2023;
			sourceTree = "<group>";
		};
		375597C32AF5E603007A3A6B /* Tests */ = {
			isa = PBXGroup;
			children = (
				375597C42AF5E603007A3A6B /* AppTests.swift */,
			);
			path = Tests;
			sourceTree = "<group>";
		};
		375597CD2AF5E603007A3A6B /* UITests */ = {
			isa = PBXGroup;
			children = (
				375597CE2AF5E603007A3A6B /* MainUITests.swift */,
				375597D02AF5E603007A3A6B /* MainUITestsLaunchTests.swift */,
			);
			path = UITests;
			sourceTree = "<group>";
		};
		375597E02AF5EFA9007A3A6B /* Models */ = {
			isa = PBXGroup;
			children = (
				375597E22AF5F06D007A3A6B /* User.swift */,
				375597E42AF5F252007A3A6B /* Task.swift */,
				375597E62AF5F29B007A3A6B /* Quiz.swift */,
				375597E82AF5F2A6007A3A6B /* Question.swift */,
				375597EB2AF5F363007A3A6B /* ModuleClass.swift */,
				375597ED2AF5F5C9007A3A6B /* Schedule.swift */,
			);
			path = Models;
			sourceTree = "<group>";
		};
		375597E12AF5EFB2007A3A6B /* Views */ = {
			isa = PBXGroup;
			children = (
			);
			path = Views;
			sourceTree = "<group>";
		};
		375597F12AF5F6B5007A3A6B /* ViewModel */ = {
			isa = PBXGroup;
			children = (
				375597EF2AF5F6AF007A3A6B /* UserViewModel.swift */,
			);
			path = ViewModel;
			sourceTree = "<group>";
		};
/* End PBXGroup section */

/* Begin PBXNativeTarget section */
		375597AF2AF5E602007A3A6B /* H4GGD2023 */ = {
			isa = PBXNativeTarget;
			buildConfigurationList = 375597D42AF5E603007A3A6B /* Build configuration list for PBXNativeTarget "H4GGD2023" */;
			buildPhases = (
				375597AC2AF5E602007A3A6B /* Sources */,
				375597AD2AF5E602007A3A6B /* Frameworks */,
				375597AE2AF5E602007A3A6B /* Resources */,
			);
			buildRules = (
			);
			dependencies = (
			);
			name = H4GGD2023;
			productName = H4GGD2023;
			productReference = 375597B02AF5E602007A3A6B /* H4GGD2023.app */;
			productType = "com.apple.product-type.application";
		};
		375597BF2AF5E603007A3A6B /* H4GGD2023Tests */ = {
			isa = PBXNativeTarget;
			buildConfigurationList = 375597D72AF5E603007A3A6B /* Build configuration list for PBXNativeTarget "H4GGD2023Tests" */;
			buildPhases = (
				375597BC2AF5E603007A3A6B /* Sources */,
				375597BD2AF5E603007A3A6B /* Frameworks */,
				375597BE2AF5E603007A3A6B /* Resources */,
			);
			buildRules = (
			);
			dependencies = (
				375597C22AF5E603007A3A6B /* PBXTargetDependency */,
			);
			name = H4GGD2023Tests;
			productName = H4GGD2023Tests;
			productReference = 375597C02AF5E603007A3A6B /* H4GGD2023Tests.xctest */;
			productType = "com.apple.product-type.bundle.unit-test";
		};
		375597C92AF5E603007A3A6B /* H4GGD2023UITests */ = {
			isa = PBXNativeTarget;
			buildConfigurationList = 375597DA2AF5E603007A3A6B /* Build configuration list for PBXNativeTarget "H4GGD2023UITests" */;
			buildPhases = (
				375597C62AF5E603007A3A6B /* Sources */,
				375597C72AF5E603007A3A6B /* Frameworks */,
				375597C82AF5E603007A3A6B /* Resources */,
			);
			buildRules = (
			);
			dependencies = (
				375597CC2AF5E603007A3A6B /* PBXTargetDependency */,
			);
			name = H4GGD2023UITests;
			productName = H4GGD2023UITests;
			productReference = 375597CA2AF5E603007A3A6B /* H4GGD2023UITests.xctest */;
			productType = "com.apple.product-type.bundle.ui-testing";
		};
/* End PBXNativeTarget section */

/* Begin PBXProject section */
		375597A82AF5E602007A3A6B /* Project object */ = {
			isa = PBXProject;
			attributes = {
				BuildIndependentTargetsInParallel = 1;
				LastSwiftUpdateCheck = 1500;
				LastUpgradeCheck = 1500;
				TargetAttributes = {
					375597AF2AF5E602007A3A6B = {
						CreatedOnToolsVersion = 15.0;
					};
					375597BF2AF5E603007A3A6B = {
						CreatedOnToolsVersion = 15.0;
						TestTargetID = 375597AF2AF5E602007A3A6B;
					};
					375597C92AF5E603007A3A6B = {
						CreatedOnToolsVersion = 15.0;
						TestTargetID = 375597AF2AF5E602007A3A6B;
					};
				};
			};
			buildConfigurationList = 375597AB2AF5E602007A3A6B /* Build configuration list for PBXProject "H4GGD2023" */;
			compatibilityVersion = "Xcode 14.0";
			developmentRegion = en;
			hasScannedForEncodings = 0;
			knownRegions = (
				en,
				Base,
			);
			mainGroup = 375597A72AF5E602007A3A6B;
			productRefGroup = 375597B12AF5E602007A3A6B /* Products */;
			projectDirPath = "";
			projectRoot = "";
			targets = (
				375597AF2AF5E602007A3A6B /* H4GGD2023 */,
				375597BF2AF5E603007A3A6B /* H4GGD2023Tests */,
				375597C92AF5E603007A3A6B /* H4GGD2023UITests */,
			);
		};
/* End PBXProject section */

/* Begin PBXResourcesBuildPhase section */
		375597AE2AF5E602007A3A6B /* Resources */ = {
			isa = PBXResourcesBuildPhase;
			buildActionMask = 2147483647;
			files = (
				375597B82AF5E603007A3A6B /* Assets.xcassets in Resources */,
			);
			runOnlyForDeploymentPostprocessing = 0;
		};
		375597BE2AF5E603007A3A6B /* Resources */ = {
			isa = PBXResourcesBuildPhase;
			buildActionMask = 2147483647;
			files = (
			);
			runOnlyForDeploymentPostprocessing = 0;
		};
		375597C82AF5E603007A3A6B /* Resources */ = {
			isa = PBXResourcesBuildPhase;
			buildActionMask = 2147483647;
			files = (
			);
			runOnlyForDeploymentPostprocessing = 0;
		};
/* End PBXResourcesBuildPhase section */

/* Begin PBXSourcesBuildPhase section */
		375597AC2AF5E602007A3A6B /* Sources */ = {
			isa = PBXSourcesBuildPhase;
			buildActionMask = 2147483647;
			files = (
				375597E52AF5F252007A3A6B /* Task.swift in Sources */,
				375597E72AF5F29B007A3A6B /* Quiz.swift in Sources */,
				375597B62AF5E602007A3A6B /* ContentView.swift in Sources */,
				375597E92AF5F2A6007A3A6B /* Question.swift in Sources */,
				375597EC2AF5F363007A3A6B /* ModuleClass.swift in Sources */,
				375597B42AF5E602007A3A6B /* MainApp.swift in Sources */,
				375597EE2AF5F5C9007A3A6B /* Schedule.swift in Sources */,
				375597F02AF5F6AF007A3A6B /* UserViewModel.swift in Sources */,
				375597E32AF5F06D007A3A6B /* User.swift in Sources */,
			);
			runOnlyForDeploymentPostprocessing = 0;
		};
		375597BC2AF5E603007A3A6B /* Sources */ = {
			isa = PBXSourcesBuildPhase;
			buildActionMask = 2147483647;
			files = (
				375597C52AF5E603007A3A6B /* AppTests.swift in Sources */,
			);
			runOnlyForDeploymentPostprocessing = 0;
		};
		375597C62AF5E603007A3A6B /* Sources */ = {
			isa = PBXSourcesBuildPhase;
			buildActionMask = 2147483647;
			files = (
				375597D12AF5E603007A3A6B /* MainUITestsLaunchTests.swift in Sources */,
				375597CF2AF5E603007A3A6B /* MainUITests.swift in Sources */,
			);
			runOnlyForDeploymentPostprocessing = 0;
		};
/* End PBXSourcesBuildPhase section */

/* Begin PBXTargetDependency section */
		375597C22AF5E603007A3A6B /* PBXTargetDependency */ = {
			isa = PBXTargetDependency;
			target = 375597AF2AF5E602007A3A6B /* H4GGD2023 */;
			targetProxy = 375597C12AF5E603007A3A6B /* PBXContainerItemProxy */;
		};
		375597CC2AF5E603007A3A6B /* PBXTargetDependency */ = {
			isa = PBXTargetDependency;
			target = 375597AF2AF5E602007A3A6B /* H4GGD2023 */;
			targetProxy = 375597CB2AF5E603007A3A6B /* PBXContainerItemProxy */;
		};
/* End PBXTargetDependency section */

/* Begin XCBuildConfiguration section */
		375597D22AF5E603007A3A6B /* Debug */ = {
			isa = XCBuildConfiguration;
			buildSettings = {
				ALWAYS_SEARCH_USER_PATHS = NO;
				ASSETCATALOG_COMPILER_GENERATE_SWIFT_ASSET_SYMBOL_EXTENSIONS = YES;
				CLANG_ANALYZER_NONNULL = YES;
				CLANG_ANALYZER_NUMBER_OBJECT_CONVERSION = YES_AGGRESSIVE;
				CLANG_CXX_LANGUAGE_STANDARD = "gnu++20";
				CLANG_ENABLE_MODULES = YES;
				CLANG_ENABLE_OBJC_ARC = YES;
				CLANG_ENABLE_OBJC_WEAK = YES;
				CLANG_WARN_BLOCK_CAPTURE_AUTORELEASING = YES;
				CLANG_WARN_BOOL_CONVERSION = YES;
				CLANG_WARN_COMMA = YES;
				CLANG_WARN_CONSTANT_CONVERSION = YES;
				CLANG_WARN_DEPRECATED_OBJC_IMPLEMENTATIONS = YES;
				CLANG_WARN_DIRECT_OBJC_ISA_USAGE = YES_ERROR;
				CLANG_WARN_DOCUMENTATION_COMMENTS = YES;
				CLANG_WARN_EMPTY_BODY = YES;
				CLANG_WARN_ENUM_CONVERSION = YES;
				CLANG_WARN_INFINITE_RECURSION = YES;
				CLANG_WARN_INT_CONVERSION = YES;
				CLANG_WARN_NON_LITERAL_NULL_CONVERSION = YES;
				CLANG_WARN_OBJC_IMPLICIT_RETAIN_SELF = YES;
				CLANG_WARN_OBJC_LITERAL_CONVERSION = YES;
				CLANG_WARN_OBJC_ROOT_CLASS = YES_ERROR;
				CLANG_WARN_QUOTED_INCLUDE_IN_FRAMEWORK_HEADER = YES;
				CLANG_WARN_RANGE_LOOP_ANALYSIS = YES;
				CLANG_WARN_STRICT_PROTOTYPES = YES;
				CLANG_WARN_SUSPICIOUS_MOVE = YES;
				CLANG_WARN_UNGUARDED_AVAILABILITY = YES_AGGRESSIVE;
				CLANG_WARN_UNREACHABLE_CODE = YES;
				CLANG_WARN__DUPLICATE_METHOD_MATCH = YES;
				COPY_PHASE_STRIP = NO;
				DEBUG_INFORMATION_FORMAT = dwarf;
				ENABLE_STRICT_OBJC_MSGSEND = YES;
				ENABLE_TESTABILITY = YES;
				ENABLE_USER_SCRIPT_SANDBOXING = YES;
				GCC_C_LANGUAGE_STANDARD = gnu17;
				GCC_DYNAMIC_NO_PIC = NO;
				GCC_NO_COMMON_BLOCKS = YES;
				GCC_OPTIMIZATION_LEVEL = 0;
				GCC_PREPROCESSOR_DEFINITIONS = (
					"DEBUG=1",
					"$(inherited)",
				);
				GCC_WARN_64_TO_32_BIT_CONVERSION = YES;
				GCC_WARN_ABOUT_RETURN_TYPE = YES_ERROR;
				GCC_WARN_UNDECLARED_SELECTOR = YES;
				GCC_WARN_UNINITIALIZED_AUTOS = YES_AGGRESSIVE;
				GCC_WARN_UNUSED_FUNCTION = YES;
				GCC_WARN_UNUSED_VARIABLE = YES;
				IPHONEOS_DEPLOYMENT_TARGET = 17.0;
				LOCALIZATION_PREFERS_STRING_CATALOGS = YES;
				MTL_ENABLE_DEBUG_INFO = INCLUDE_SOURCE;
				MTL_FAST_MATH = YES;
				ONLY_ACTIVE_ARCH = YES;
				SDKROOT = iphoneos;
				SWIFT_ACTIVE_COMPILATION_CONDITIONS = "DEBUG $(inherited)";
				SWIFT_OPTIMIZATION_LEVEL = "-Onone";
			};
			name = Debug;
		};
		375597D32AF5E603007A3A6B /* Release */ = {
			isa = XCBuildConfiguration;
			buildSettings = {
				ALWAYS_SEARCH_USER_PATHS = NO;
				ASSETCATALOG_COMPILER_GENERATE_SWIFT_ASSET_SYMBOL_EXTENSIONS = YES;
				CLANG_ANALYZER_NONNULL = YES;
				CLANG_ANALYZER_NUMBER_OBJECT_CONVERSION = YES_AGGRESSIVE;
				CLANG_CXX_LANGUAGE_STANDARD = "gnu++20";
				CLANG_ENABLE_MODULES = YES;
				CLANG_ENABLE_OBJC_ARC = YES;
				CLANG_ENABLE_OBJC_WEAK = YES;
				CLANG_WARN_BLOCK_CAPTURE_AUTORELEASING = YES;
				CLANG_WARN_BOOL_CONVERSION = YES;
				CLANG_WARN_COMMA = YES;
				CLANG_WARN_CONSTANT_CONVERSION = YES;
				CLANG_WARN_DEPRECATED_OBJC_IMPLEMENTATIONS = YES;
				CLANG_WARN_DIRECT_OBJC_ISA_USAGE = YES_ERROR;
				CLANG_WARN_DOCUMENTATION_COMMENTS = YES;
				CLANG_WARN_EMPTY_BODY = YES;
				CLANG_WARN_ENUM_CONVERSION = YES;
				CLANG_WARN_INFINITE_RECURSION = YES;
				CLANG_WARN_INT_CONVERSION = YES;
				CLANG_WARN_NON_LITERAL_NULL_CONVERSION = YES;
				CLANG_WARN_OBJC_IMPLICIT_RETAIN_SELF = YES;
				CLANG_WARN_OBJC_LITERAL_CONVERSION = YES;
				CLANG_WARN_OBJC_ROOT_CLASS = YES_ERROR;
				CLANG_WARN_QUOTED_INCLUDE_IN_FRAMEWORK_HEADER = YES;
				CLANG_WARN_RANGE_LOOP_ANALYSIS = YES;
				CLANG_WARN_STRICT_PROTOTYPES = YES;
				CLANG_WARN_SUSPICIOUS_MOVE = YES;
				CLANG_WARN_UNGUARDED_AVAILABILITY = YES_AGGRESSIVE;
				CLANG_WARN_UNREACHABLE_CODE = YES;
				CLANG_WARN__DUPLICATE_METHOD_MATCH = YES;
				COPY_PHASE_STRIP = NO;
				DEBUG_INFORMATION_FORMAT = "dwarf-with-dsym";
				ENABLE_NS_ASSERTIONS = NO;
				ENABLE_STRICT_OBJC_MSGSEND = YES;
				ENABLE_USER_SCRIPT_SANDBOXING = YES;
				GCC_C_LANGUAGE_STANDARD = gnu17;
				GCC_NO_COMMON_BLOCKS = YES;
				GCC_WARN_64_TO_32_BIT_CONVERSION = YES;
				GCC_WARN_ABOUT_RETURN_TYPE = YES_ERROR;
				GCC_WARN_UNDECLARED_SELECTOR = YES;
				GCC_WARN_UNINITIALIZED_AUTOS = YES_AGGRESSIVE;
				GCC_WARN_UNUSED_FUNCTION = YES;
				GCC_WARN_UNUSED_VARIABLE = YES;
				IPHONEOS_DEPLOYMENT_TARGET = 17.0;
				LOCALIZATION_PREFERS_STRING_CATALOGS = YES;
				MTL_ENABLE_DEBUG_INFO = NO;
				MTL_FAST_MATH = YES;
				SDKROOT = iphoneos;
				SWIFT_COMPILATION_MODE = wholemodule;
				VALIDATE_PRODUCT = YES;
			};
			name = Release;
		};
		375597D52AF5E603007A3A6B /* Debug */ = {
			isa = XCBuildConfiguration;
			buildSettings = {
				ASSETCATALOG_COMPILER_APPICON_NAME = AppIcon;
				ASSETCATALOG_COMPILER_GLOBAL_ACCENT_COLOR_NAME = AccentColor;
				CODE_SIGN_STYLE = Automatic;
				CURRENT_PROJECT_VERSION = 1;
				DEVELOPMENT_TEAM = 2DK3287EQX;
				ENABLE_PREVIEWS = YES;
				GENERATE_INFOPLIST_FILE = YES;
				INFOPLIST_KEY_CFBundleDisplayName = "Hack4Good Bad Dads Companion App";
				INFOPLIST_KEY_UIApplicationSceneManifest_Generation = YES;
				INFOPLIST_KEY_UIApplicationSupportsIndirectInputEvents = YES;
				INFOPLIST_KEY_UILaunchScreen_Generation = YES;
				INFOPLIST_KEY_UISupportedInterfaceOrientations = UIInterfaceOrientationPortrait;
				INFOPLIST_KEY_UISupportedInterfaceOrientations_iPad = "UIInterfaceOrientationPortrait UIInterfaceOrientationPortraitUpsideDown";
				LD_RUNPATH_SEARCH_PATHS = (
					"$(inherited)",
					"@executable_path/Frameworks",
				);
				MARKETING_VERSION = 1.0;
				PRODUCT_BUNDLE_IDENTIFIER = io.mooresolutions.H4GGD2023;
				PRODUCT_NAME = "$(TARGET_NAME)";
				SWIFT_EMIT_LOC_STRINGS = YES;
				SWIFT_VERSION = 5.0;
				TARGETED_DEVICE_FAMILY = "1,2";
			};
			name = Debug;
		};
		375597D62AF5E603007A3A6B /* Release */ = {
			isa = XCBuildConfiguration;
			buildSettings = {
				ASSETCATALOG_COMPILER_APPICON_NAME = AppIcon;
				ASSETCATALOG_COMPILER_GLOBAL_ACCENT_COLOR_NAME = AccentColor;
				CODE_SIGN_STYLE = Automatic;
				CURRENT_PROJECT_VERSION = 1;
				DEVELOPMENT_TEAM = 2DK3287EQX;
				ENABLE_PREVIEWS = YES;
				GENERATE_INFOPLIST_FILE = YES;
				INFOPLIST_KEY_CFBundleDisplayName = "Hack4Good Bad Dads Companion App";
				INFOPLIST_KEY_UIApplicationSceneManifest_Generation = YES;
				INFOPLIST_KEY_UIApplicationSupportsIndirectInputEvents = YES;
				INFOPLIST_KEY_UILaunchScreen_Generation = YES;
				INFOPLIST_KEY_UISupportedInterfaceOrientations = UIInterfaceOrientationPortrait;
				INFOPLIST_KEY_UISupportedInterfaceOrientations_iPad = "UIInterfaceOrientationPortrait UIInterfaceOrientationPortraitUpsideDown";
				LD_RUNPATH_SEARCH_PATHS = (
					"$(inherited)",
					"@executable_path/Frameworks",
				);
				MARKETING_VERSION = 1.0;
				PRODUCT_BUNDLE_IDENTIFIER = io.mooresolutions.H4GGD2023;
				PRODUCT_NAME = "$(TARGET_NAME)";
				SWIFT_EMIT_LOC_STRINGS = YES;
				SWIFT_VERSION = 5.0;
				TARGETED_DEVICE_FAMILY = "1,2";
			};
			name = Release;
		};
		375597D82AF5E603007A3A6B /* Debug */ = {
			isa = XCBuildConfiguration;
			buildSettings = {
				ALWAYS_EMBED_SWIFT_STANDARD_LIBRARIES = YES;
				BUNDLE_LOADER = "$(TEST_HOST)";
				CODE_SIGN_STYLE = Automatic;
				CURRENT_PROJECT_VERSION = 1;
				DEVELOPMENT_TEAM = 2DK3287EQX;
				GENERATE_INFOPLIST_FILE = YES;
				IPHONEOS_DEPLOYMENT_TARGET = 17.0;
				MARKETING_VERSION = 1.0;
				PRODUCT_BUNDLE_IDENTIFIER = io.mooresolutions.H4GGD2023Tests;
				PRODUCT_NAME = "$(TARGET_NAME)";
				SWIFT_EMIT_LOC_STRINGS = NO;
				SWIFT_VERSION = 5.0;
				TARGETED_DEVICE_FAMILY = "1,2";
				TEST_HOST = "$(BUILT_PRODUCTS_DIR)/H4GGD2023.app/$(BUNDLE_EXECUTABLE_FOLDER_PATH)/H4GGD2023";
			};
			name = Debug;
		};
		375597D92AF5E603007A3A6B /* Release */ = {
			isa = XCBuildConfiguration;
			buildSettings = {
				ALWAYS_EMBED_SWIFT_STANDARD_LIBRARIES = YES;
				BUNDLE_LOADER = "$(TEST_HOST)";
				CODE_SIGN_STYLE = Automatic;
				CURRENT_PROJECT_VERSION = 1;
				DEVELOPMENT_TEAM = 2DK3287EQX;
				GENERATE_INFOPLIST_FILE = YES;
				IPHONEOS_DEPLOYMENT_TARGET = 17.0;
				MARKETING_VERSION = 1.0;
				PRODUCT_BUNDLE_IDENTIFIER = io.mooresolutions.H4GGD2023Tests;
				PRODUCT_NAME = "$(TARGET_NAME)";
				SWIFT_EMIT_LOC_STRINGS = NO;
				SWIFT_VERSION = 5.0;
				TARGETED_DEVICE_FAMILY = "1,2";
				TEST_HOST = "$(BUILT_PRODUCTS_DIR)/H4GGD2023.app/$(BUNDLE_EXECUTABLE_FOLDER_PATH)/H4GGD2023";
			};
			name = Release;
		};
		375597DB2AF5E603007A3A6B /* Debug */ = {
			isa = XCBuildConfiguration;
			buildSettings = {
				ALWAYS_EMBED_SWIFT_STANDARD_LIBRARIES = YES;
				CODE_SIGN_STYLE = Automatic;
				CURRENT_PROJECT_VERSION = 1;
				DEVELOPMENT_TEAM = 2DK3287EQX;
				GENERATE_INFOPLIST_FILE = YES;
				MARKETING_VERSION = 1.0;
				PRODUCT_BUNDLE_IDENTIFIER = io.mooresolutions.H4GGD2023UITests;
				PRODUCT_NAME = "$(TARGET_NAME)";
				SWIFT_EMIT_LOC_STRINGS = NO;
				SWIFT_VERSION = 5.0;
				TARGETED_DEVICE_FAMILY = "1,2";
				TEST_TARGET_NAME = H4GGD2023;
			};
			name = Debug;
		};
		375597DC2AF5E603007A3A6B /* Release */ = {
			isa = XCBuildConfiguration;
			buildSettings = {
				ALWAYS_EMBED_SWIFT_STANDARD_LIBRARIES = YES;
				CODE_SIGN_STYLE = Automatic;
				CURRENT_PROJECT_VERSION = 1;
				DEVELOPMENT_TEAM = 2DK3287EQX;
				GENERATE_INFOPLIST_FILE = YES;
				MARKETING_VERSION = 1.0;
				PRODUCT_BUNDLE_IDENTIFIER = io.mooresolutions.H4GGD2023UITests;
				PRODUCT_NAME = "$(TARGET_NAME)";
				SWIFT_EMIT_LOC_STRINGS = NO;
				SWIFT_VERSION = 5.0;
				TARGETED_DEVICE_FAMILY = "1,2";
				TEST_TARGET_NAME = H4GGD2023;
			};
			name = Release;
		};
/* End XCBuildConfiguration section */

/* Begin XCConfigurationList section */
		375597AB2AF5E602007A3A6B /* Build configuration list for PBXProject "H4GGD2023" */ = {
			isa = XCConfigurationList;
			buildConfigurations = (
				375597D22AF5E603007A3A6B /* Debug */,
				375597D32AF5E603007A3A6B /* Release */,
			);
			defaultConfigurationIsVisible = 0;
			defaultConfigurationName = Release;
		};
		375597D42AF5E603007A3A6B /* Build configuration list for PBXNativeTarget "H4GGD2023" */ = {
			isa = XCConfigurationList;
			buildConfigurations = (
				375597D52AF5E603007A3A6B /* Debug */,
				375597D62AF5E603007A3A6B /* Release */,
			);
			defaultConfigurationIsVisible = 0;
			defaultConfigurationName = Release;
		};
		375597D72AF5E603007A3A6B /* Build configuration list for PBXNativeTarget "H4GGD2023Tests" */ = {
			isa = XCConfigurationList;
			buildConfigurations = (
				375597D82AF5E603007A3A6B /* Debug */,
				375597D92AF5E603007A3A6B /* Release */,
			);
			defaultConfigurationIsVisible = 0;
			defaultConfigurationName = Release;
		};
		375597DA2AF5E603007A3A6B /* Build configuration list for PBXNativeTarget "H4GGD2023UITests" */ = {
			isa = XCConfigurationList;
			buildConfigurations = (
				375597DB2AF5E603007A3A6B /* Debug */,
				375597DC2AF5E603007A3A6B /* Release */,
			);
			defaultConfigurationIsVisible = 0;
			defaultConfigurationName = Release;
		};
/* End XCConfigurationList section */
	};
	rootObject = 375597A82AF5E602007A3A6B /* Project object */;
}
